Categories:
  - Science & Education
License: GPL-3.0-or-later
WebSite: https://gitlab.com/dgoodmaniii/android_DozenalClock
SourceCode: https://gitlab.com/dgoodmaniii/android_DozenalClock/tree/HEAD
IssueTracker: https://gitlab.com/dgoodmaniii/android_DozenalClock/issues

AutoName: Dozenal Clock

RepoType: git
Repo: https://gitlab.com/dgoodmaniii/android_DozenalClock.git

Builds:
  - versionName: v0.92
    versionCode: 2
    commit: v0.92
    subdir: app
    gradle:
      - yes

AutoUpdateMode: Version %v
UpdateCheckMode: Tags
CurrentVersion: '0.92'
CurrentVersionCode: 2
