Categories:
  - Sports & Health
License: MIT
SourceCode: https://github.com/Antoine-lab-pixel/BoxingClock
IssueTracker: https://github.com/Antoine-lab-pixel/BoxingClock/issues

AutoName: BoxingClock

RepoType: git
Repo: https://github.com/Antoine-lab-pixel/BoxingClock

Builds:
  - versionName: 1.0.3
    versionCode: 3
    commit: 38487fcc98e70ad5b5bc8b379eccbad70dcf582f
    subdir: app
    gradle:
      - yes

AutoUpdateMode: Version
UpdateCheckMode: Tags
CurrentVersion: 1.0.3
CurrentVersionCode: 3
