Categories:
  - Clock
License: GPL-3.0-only
AuthorName: Vayun Mathur
AuthorWebSite: https://vayunmathur.com/
SourceCode: https://github.com/vayun-mathur/Modern-Apps
IssueTracker: https://github.com/vayun-mathur/Modern-Apps/issues

AutoName: Clock

RepoType: git
Repo: https://github.com/vayun-mathur/Modern-Apps
Binaries: 
  https://github.com/vayun-mathur/Modern-Apps/releases/download/%v/clock-release.apk

Builds:
  - versionName: v2.4.1
    versionCode: 20260422
    commit: ff3c94abd107d310335b6b91762a7db18fda13ab
    subdir: clock
    gradle:
      - yes

AllowedAPKSigningKeys: 176fcb2525573e5be8e1cb3a496dd97b137e81ca5b887a1d32cb894b4e5717b4

AutoUpdateMode: Version
UpdateCheckMode: Tags
CurrentVersion: v2.4.1
CurrentVersionCode: 20260422
