Categories:
  - Clock
License: MIT
AuthorName: reteclock contributors
SourceCode: https://github.com/rubidus-api/reteclock_apk
IssueTracker: https://github.com/rubidus-api/reteclock_apk/issues
Changelog: https://github.com/rubidus-api/reteclock_apk/releases

AutoName: ReteClock

RepoType: git
Repo: https://github.com/rubidus-api/reteclock_apk.git
Binaries: 
  https://github.com/rubidus-api/reteclock_apk/releases/download/v%v/reteclock-%v.apk

Builds:
  - versionName: 0.2.4
    versionCode: 6
    commit: 35c62021e46bf1806d4fea9315dfa9239583c55a
    output: dist/reteclock-*-unsigned.apk
    build:
      - sdkmanager "platforms;android-19" "build-tools;35.0.0"
      - scripts/build.sh --unsigned

  - versionName: 0.3.3
    versionCode: 10
    commit: e3cae471d4d241a8677194ddfe478c051ade5500
    output: dist/reteclock-*-unsigned.apk
    build:
      - sdkmanager "platforms;android-19" "build-tools;35.0.0"
      - scripts/build.sh --unsigned

  - versionName: 0.3.5
    versionCode: 12
    commit: 5a894fc7c6615c7b6b6e5662e30fa4cbd4054109
    output: dist/reteclock-*-unsigned.apk
    build:
      - sdkmanager "platforms;android-19" "build-tools;35.0.0"
      - scripts/build.sh --unsigned

  - versionName: 0.6.0
    versionCode: 15
    commit: fafd9194ba2cb22fcd9f33fb157cc7565dd7a482
    output: dist/reteclock-*-unsigned.apk
    build:
      - sdkmanager "platforms;android-19" "build-tools;35.0.0"
      - scripts/build.sh --unsigned

  - versionName: 0.8.1
    versionCode: 18
    commit: 711de58125ac16df6602f1a0d6655cb77928b9a5
    output: dist/reteclock-*-unsigned.apk
    build:
      - sdkmanager "platforms;android-19" "build-tools;35.0.0"
      - scripts/build.sh --unsigned

  - versionName: 0.12.0
    versionCode: 24
    commit: bc21830dc1e3820b288ef3c2dcf2f49eff346914
    output: dist/reteclock-*-unsigned.apk
    build:
      - sdkmanager "platforms;android-19" "build-tools;35.0.0"
      - scripts/build.sh --unsigned

  - versionName: 0.18.1
    versionCode: 32
    commit: 9cd0c3aec580c7e5ac3fd6e938632810b74a7f39
    output: dist/reteclock-*-unsigned.apk
    build:
      - sdkmanager "platforms;android-19" "build-tools;35.0.0"
      - scripts/build.sh --unsigned

  - versionName: 0.20.0
    versionCode: 37
    commit: 98b2fc78c11a816152cd2af7fecf1431fb326807
    output: dist/reteclock-*-unsigned.apk
    build:
      - sdkmanager "platforms;android-19" "build-tools;35.0.0"
      - scripts/build.sh --unsigned

  - versionName: 0.23.0
    versionCode: 42
    commit: b5e1089bcb226689b473bb54c681dc3af55eac7b
    output: dist/reteclock-*-unsigned.apk
    build:
      - sdkmanager "platforms;android-19" "build-tools;35.0.0"
      - scripts/build.sh --unsigned

  - versionName: 0.25.2
    versionCode: 46
    commit: bbdd67bd6c2bd87019633a5e4e60ea8568b649e6
    output: dist/reteclock-*-unsigned.apk
    build:
      - sdkmanager "platforms;android-19" "build-tools;35.0.0"
      - scripts/build.sh --unsigned

  - versionName: 0.28.0
    versionCode: 49
    commit: d110e6b7b768f5722b81a933a2de9b21ad4e2846
    output: dist/reteclock-*-unsigned.apk
    build:
      - sdkmanager "platforms;android-19" "build-tools;35.0.0"
      - scripts/build.sh --unsigned

  - versionName: 0.29.0
    versionCode: 50
    commit: c2c88083883fc9b558f9a5e65cf4c99e1cfd799f
    output: dist/reteclock-*-unsigned.apk
    build:
      - sdkmanager "platforms;android-19" "build-tools;35.0.0"
      - scripts/build.sh --unsigned

  - versionName: 0.32.0
    versionCode: 57
    commit: f131b04e1e9e7c88697f524a981c1d3d6ce4d045
    output: dist/reteclock-*-unsigned.apk
    build:
      - sdkmanager "platforms;android-34" "platforms;android-19" "build-tools;35.0.0"
      - scripts/build.sh --unsigned

  - versionName: 0.33.2
    versionCode: 60
    commit: 070c1c61c47c73d904573323e47a4274b981c933
    output: dist/reteclock-*-unsigned.apk
    build:
      - sdkmanager "platforms;android-34" "platforms;android-19" "build-tools;35.0.0"
      - scripts/build.sh --unsigned

AllowedAPKSigningKeys: 90446b5280aa4ce34bfe8b33252ef6be902c744d4f5af203a5995a4bbd4c641d

AutoUpdateMode: Version
UpdateCheckMode: Tags
CurrentVersion: 0.33.2
CurrentVersionCode: 60
