Categories:
  - Games
License: GPL-3.0-or-later
SourceCode: https://codeberg.org/rootminusone8004/Klock
IssueTracker: https://codeberg.org/rootminusone8004/Klock/issues

AutoName: Klock

RepoType: git
Repo: https://codeberg.org/rootminusone8004/Klock.git

Builds:
  - versionName: '1.0'
    versionCode: 1
    commit: 1.0.0
    subdir: app
    gradle:
      - yes

AutoUpdateMode: Version
UpdateCheckMode: Tags
CurrentVersion: '1.0'
CurrentVersionCode: 1
