Categories:
  - Clock
License: MIT
AuthorName: reteclock contributors
SourceCode: https://github.com/rubidus-api/reteclock_apk
IssueTracker: https://github.com/rubidus-api/reteclock_apk/issues
Changelog: https://github.com/rubidus-api/reteclock_apk/releases

AutoName: reteclock

RepoType: git
Repo: https://github.com/rubidus-api/reteclock_apk.git
Binaries: 
  https://github.com/rubidus-api/reteclock_apk/releases/download/v%v/reteclock-%v.apk

Builds:
  - versionName: 0.2.4
    versionCode: 6
    commit: 35c62021e46bf1806d4fea9315dfa9239583c55a
    output: dist/reteclock-*-unsigned.apk
    build:
      - sdkmanager "platforms;android-19" "build-tools;35.0.0"
      - scripts/build.sh --unsigned

  - versionName: 0.3.3
    versionCode: 10
    commit: e3cae471d4d241a8677194ddfe478c051ade5500
    output: dist/reteclock-*-unsigned.apk
    build:
      - sdkmanager "platforms;android-19" "build-tools;35.0.0"
      - scripts/build.sh --unsigned

  - versionName: 0.3.5
    versionCode: 12
    commit: 5a894fc7c6615c7b6b6e5662e30fa4cbd4054109
    output: dist/reteclock-*-unsigned.apk
    build:
      - sdkmanager "platforms;android-19" "build-tools;35.0.0"
      - scripts/build.sh --unsigned

AllowedAPKSigningKeys: 90446b5280aa4ce34bfe8b33252ef6be902c744d4f5af203a5995a4bbd4c641d

AutoUpdateMode: Version
UpdateCheckMode: Tags
CurrentVersion: 0.3.5
CurrentVersionCode: 12
