Categories:
  - Connectivity
  - System
License: Apache-2.0
SourceCode: https://github.com/adrianchifor/TapUnlock
IssueTracker: https://github.com/adrianchifor/TapUnlock/issues
Bitcoin: 1NZGAU1rEs1zBpwdjmnBjiyRsJHfycWhSF

AutoName: TapUnlock
Description: NFC-enabled lockscreen with a focus on speed, simplicity and security.

RepoType: git
Repo: https://github.com/adrianchifor/TapUnlock

Builds:
  - versionName: 2.1.0 beta
    versionCode: 13
    commit: 89372cc5389b5755dcb9167cafb5f11b45774d47
    prebuild: mv java src
    target: android-21

AutoUpdateMode: None
UpdateCheckMode: RepoManifest
CurrentVersion: 2.1.0 beta
CurrentVersionCode: 13
