Categories:
  - Time
License: Apache-2.0
AuthorName: qw123wh
SourceCode: https://github.com/qw123wh/Aospdeskclock
IssueTracker: https://github.com/qw123wh/Aospdeskclock/issues
Changelog: https://github.com/qw123wh/Aospdeskclock/releases

AutoName: Clock

RepoType: git
Repo: https://github.com/qw123wh/Aospdeskclock

Builds:
  - versionName: 1.2.1
    versionCode: 4
    commit: 1.2.1
    subdir: app
    gradle:
      - yes

AutoUpdateMode: Version %v
UpdateCheckMode: Tags
CurrentVersion: 1.2.1
CurrentVersionCode: 4
