Categories:
  - Time
License: Apache-2.0
SourceCode: https://github.com/qw123wh/new-clock-fdroid
IssueTracker: https://github.com/qw123wh/new-clock-fdroid/issues

AutoName: Clock

RepoType: git
Repo: https://github.com/qw123wh/new-clock-fdroid

Builds:
  - versionName: '1.2'
    versionCode: 3
    commit: 800b8d5cf00acdbcf9f5b56487f6a0bcd58e7326
    subdir: app
    gradle:
      - yes

AutoUpdateMode: Version v%v
UpdateCheckMode: Tags
CurrentVersion: '1.2'
CurrentVersionCode: 3
