Categories:
  - Theming
License: GPL-3.0-or-later
WebSite: http://mirakel.azapps.de
SourceCode: https://github.com/MirakelX/mirakel-android
IssueTracker: https://mirakel.atlassian.net/issues
Changelog: https://github.com/MirakelX/mirakel-android/releases
Donate: http://mirakel.azapps.de/help_us.html#donate
FlattrID: '2188714'

AutoName: Mirakel-Dashclock
Summary: Dashclock extension for Mirakel
Description: |-
    Extension for [[net.nurik.roman.dashclock]] that integrates with
    [[de.azapps.mirakelandroid]].

RepoType: git
Repo: https://github.com/MirakelX/mirakel-android.git

Builds:
  - versionName: '1.1'
    versionCode: 4
    disable: repo change
    commit: v1.1

  - versionName: '1.2'
    versionCode: 5
    disable: repo change
    commit: v1.2

  - versionName: '1.3'
    versionCode: 7
    disable: repo change
    commit: 42e2cd3f4

  - versionName: '1.4'
    versionCode: 8
    disable: repo change
    commit: v1.4

  - versionName: '1.5'
    versionCode: 9
    disable: repo change
    commit: v1.5

  - versionName: '2.0'
    versionCode: 11
    commit: v2.0-dashclock
    subdir: dashclock
    gradle:
      - yes
    rm:
      - appcompat
      - dashclock/libs/*
      - model/libs/*
      - helper/libs/*

  - versionName: '2.1'
    versionCode: 12
    commit: v2.1-dashclock
    subdir: dashclock
    gradle:
      - yes
    rm:
      - appcompat
      - dashclock/libs/*
      - model/libs/*
      - helper/libs/*

  - versionName: '2.2'
    versionCode: 13
    commit: v2.2-dashclock
    subdir: dashclock
    gradle:
      - yes
    rm:
      - appcompat
      - dashclock/libs/*
      - model/libs/*
      - helper/libs/*

MaintainerNotes: |-
    :helper provides joda-time:joda-time:2.4
    :model provides com.google.code.gson:gson:2.2.2

AutoUpdateMode: Version v%v-dashclock
UpdateCheckMode: Tags ^v[0-9.]*-dashclock$
CurrentVersion: '2.2'
CurrentVersionCode: 13
