AntiFeatures:
  TetheredNet:
    en-US: Rely on openstreetmap.org
Categories:
  - Clock
  - Science & Education
License: GPL-3.0-or-later
AuthorName: Holger Schoening
SourceCode: https://github.com/GorArania/AstroClockApp
IssueTracker: https://github.com/GorArania/AstroClockApp/issues

AutoName: Astroclock

RepoType: git
Repo: https://github.com/GorArania/AstroClockApp.git
Binaries: 
  https://github.com/GorArania/AstroClockApp/releases/download/%v/AstroClock-%v.apk

Builds:
  - versionName: '1.0'
    versionCode: 1
    commit: dc9294e8cb33c77b8d8aa3617f6683496f237237
    subdir: app
    gradle:
      - yes

AllowedAPKSigningKeys: a46689746cac632b3a11faacc077b39d940f8c83642d3a31c04b8af920188529

AutoUpdateMode: Version
UpdateCheckMode: Tags
CurrentVersion: '1.0'
CurrentVersionCode: 1
