Categories:
  - Security
  - System
License: MIT
AuthorName: Pranav Purwar
AuthorEmail: purwarpranav80@gmail.com
SourceCode: https://github.com/PranavPurwar/AppLock
IssueTracker: https://github.com/PranavPurwar/AppLock/issues

AutoName: App Lock

RepoType: git
Repo: https://github.com/PranavPurwar/AppLock.git
Binaries: https://github.com/PranavPurwar/AppLock/releases/download/v1.3.0/app-release.apk

Builds:
  - versionName: '1.3'
    versionCode: 4
    commit: f96b187076576e9c89f88554ef043cde99eeb560
    subdir: app
    gradle:
      - yes

AllowedAPKSigningKeys: af7f36023c6a7750847252e5d4d14a992b621364600705e1d8b0fe44d1ac8c81

AutoUpdateMode: Version
UpdateCheckMode: Tags
CurrentVersion: '1.3'
CurrentVersionCode: 4
