Categories:
  - Theming
  - Time
License: MIT
AuthorName: ailin-nemui
SourceCode: https://github.com/ailin-nemui/AnalogClockWidget2
IssueTracker: https://github.com/ailin-nemui/AnalogClockWidget2/issues
Liberapay: Nei

AutoName: Analog Clock Widget

RepoType: git
Repo: https://github.com/ailin-nemui/AnalogClockWidget2

Builds:
  - versionName: 1.02j
    versionCode: 2
    commit: v1.02j
    subdir: app
    gradle:
      - yes

AutoUpdateMode: Version
UpdateCheckMode: Tags
CurrentVersion: 1.02j
CurrentVersionCode: 2
