Categories:
  - System
License: GPL-3.0-only
WebSite: https://code.google.com/p/mylockforandroid/wiki/officialFAQ
SourceCode: https://code.google.com/p/mylockforandroid/source

AutoName: myLock utilities
Description: |-
  Use myLock to enable quick unlock, incoming call options, and in-call
  touchscreen lock when using a slide-to-unlock lockscreen.

  Features:

  * Quick unlock
  * In-call touchscreen lock
  * Incoming call prompt
  * Optional myLock home secreen widget

Builds:
  - versionName: '42'
    versionCode: 28
    commit: '341'
    target: android-8

AutoUpdateMode: None
UpdateCheckMode: None
CurrentVersion: '42'
CurrentVersionCode: 28

NoSourceSince: '42'
