Categories:
  - Security
License: MIT
AuthorName: Timothy Aveni
AuthorEmail: me@timothyaveni.com
AuthorWebSite: https://timothyaveni.com/
SourceCode: https://github.com/SyntaxBlitz/PluckLock
IssueTracker: https://github.com/SyntaxBlitz/PluckLock/issues

AutoName: PluckLock
Description: |-
  Immediately lock your phone if someone snatches it from your hand. It pings the
  accelerometer in the background and will lock the phone if the sum of all
  non-gravitational forces ever exceeds the threshold.

  Note that uninstallation is currently not obvious - you first need to
  deactivate, in Android's Settings -> Security - Device Administrators. Until you
  do this, uninstallation will fail.

RepoType: git
Repo: https://github.com/SyntaxBlitz/PluckLock

Builds:
  - versionName: '1.0'
    versionCode: 1
    commit: 7d330b18a984f35752976984e7cdd32b19527717

  - versionName: 1.0.1
    versionCode: 2
    commit: 39fe5f9e50f4a402e52d7fde681439fcb77d0c59

  - versionName: 1.0.2
    versionCode: 3
    commit: 7e53db00afb8

  - versionName: 1.0.3
    versionCode: 4
    commit: 5074832e3f90784ce0b949de3237d77d829f3098

  - versionName: 1.0.4
    versionCode: 5
    commit: d66fb091062b4d9300c1e167ff692b220afb538a

  - versionName: 1.0.5
    versionCode: 6
    commit: 04c7ec1337bc46e15a5d087e7fd89762aeae6383

AutoUpdateMode: None
UpdateCheckMode: RepoManifest
CurrentVersion: 1.0.5
CurrentVersionCode: 6
