Categories:
  - Theming
License: GPL-3.0-only
SourceCode: https://bitbucket-archive.softwareheritage.org/projects/ua/uaraven/rvclock.html

AutoName: RvClock
Description: |-
  Clock in the style of the Cowon D3 clock, with customizable colours for the
  hours and minutes.

  The font used is PT Sans Narrow which is licensed under the SIL.

Builds:
  - versionName: 1.3.2
    versionCode: 7
    commit: '19'

AutoUpdateMode: None
UpdateCheckMode: None
CurrentVersion: 1.3.2
CurrentVersionCode: 7

NoSourceSince: 1.3.2
