Disabled: Request from upstream
Categories:
  - System
License: GPL-3.0-only
AuthorName: Signal
AuthorEmail: moxie.github@whispersystems.org
AuthorWebSite: https://www.signal.org/
WebSite: https://whispersystems.org/blog/flock
SourceCode: https://github.com/WhisperSystems/Flock
IssueTracker: https://github.com/WhisperSystems/Flock/issues
Translation: https://www.transifex.com/projects/p/flock/

AutoName: Flock
Summary: Secure contact and calendar syncing
Description: |-
    '''NOTE:''' This app is discontinued.

    Flock is a replacement for the default contact and calendar synchronization
    services provided by Google. Flock provides end-to-end encryption between
    multiple Android devices putting the privacy of your contacts and calendars back
    under your control. To facilitate syncing between multiple devices a "sync
    service" is required, this can be any standards compliant WebDAV server that
    conforms to the following RFCs:

    * RFC 2518 - HTTP Extensions for Distributed Authoring -- WEBDAV
    * RFC 4918 - HTTP Extensions for Web Distributed Authoring and Versioning (WebDAV)
    * RFC 6352 - CardDAV: vCard Extensions to Web Distributed Authoring and Versioning (WebDAV)
    * RFC 4791 - Calendaring Extensions to WebDAV (CalDAV)

RepoType: git
Repo: https://github.com/WhisperSystems/Flock

Builds:
  - versionName: '0.70'
    versionCode: 4
    commit: v0.70
    subdir: flock
    gradle:
      - yes
    srclibs:
      - GradleWitness@afdb587521fb5d25cff1074343ddc1e04eef5638
    rm:
      - flock/libs/gradle-witness.jar
    prebuild:
      - pushd $$GradleWitness$$
      - gradle jar
      - popd
      - cp $$GradleWitness$$/build/libs/GradleWitness.jar libs/gradle-witness.jar

  - versionName: '0.75'
    versionCode: 5
    commit: v0.75
    subdir: flock
    gradle:
      - yes
    srclibs:
      - GradleWitness@afdb587521fb5d25cff1074343ddc1e04eef5638
    rm:
      - flock/libs/gradle-witness.jar
    prebuild:
      - pushd $$GradleWitness$$
      - gradle jar
      - popd
      - cp $$GradleWitness$$/build/libs/GradleWitness.jar libs/gradle-witness.jar

  - versionName: 0.7.6
    versionCode: 6
    commit: v0.7.6
    subdir: flock
    gradle:
      - yes
    srclibs:
      - GradleWitness@afdb587521fb5d25cff1074343ddc1e04eef5638
    rm:
      - flock/libs/gradle-witness.jar
    prebuild:
      - pushd $$GradleWitness$$
      - gradle jar
      - popd
      - cp $$GradleWitness$$/build/libs/GradleWitness.jar libs/gradle-witness.jar

  - versionName: 0.7.7
    versionCode: 7
    commit: v0.7.7
    subdir: flock
    gradle:
      - yes
    srclibs:
      - GradleWitness@afdb587521fb5d25cff1074343ddc1e04eef5638
    rm:
      - flock/libs/gradle-witness.jar
    prebuild:
      - pushd $$GradleWitness$$
      - gradle jar
      - popd
      - cp $$GradleWitness$$/build/libs/GradleWitness.jar libs/gradle-witness.jar

  - versionName: '0.8'
    versionCode: 8
    commit: v0.8
    subdir: flock
    gradle:
      - yes
    srclibs:
      - GradleWitness@afdb587521fb5d25cff1074343ddc1e04eef5638
    rm:
      - flock/libs/gradle-witness.jar
    prebuild:
      - pushd $$GradleWitness$$
      - gradle jar
      - popd
      - cp $$GradleWitness$$/build/libs/GradleWitness.jar libs/gradle-witness.jar

  - versionName: 0.8.4
    versionCode: 12
    commit: v0.8.4
    subdir: flock
    gradle:
      - yes
    srclibs:
      - GradleWitness@afdb587521fb5d25cff1074343ddc1e04eef5638
    rm:
      - flock/libs/gradle-witness.jar
    prebuild:
      - pushd $$GradleWitness$$
      - gradle jar
      - popd
      - cp $$GradleWitness$$/build/libs/GradleWitness.jar libs/gradle-witness.jar

  - versionName: 0.8.5
    versionCode: 13
    commit: v0.8.5
    subdir: flock
    gradle:
      - yes
    srclibs:
      - GradleWitness@afdb587521fb5d25cff1074343ddc1e04eef5638
    rm:
      - flock/libs/gradle-witness.jar
    prebuild:
      - pushd $$GradleWitness$$
      - gradle jar
      - popd
      - cp $$GradleWitness$$/build/libs/GradleWitness.jar libs/gradle-witness.jar

  - versionName: 0.8.7
    versionCode: 15
    commit: v0.8.7
    subdir: flock
    gradle:
      - yes
    srclibs:
      - GradleWitness@afdb587521fb5d25cff1074343ddc1e04eef5638
    rm:
      - flock/libs/gradle-witness.jar
    prebuild:
      - pushd $$GradleWitness$$
      - gradle jar
      - popd
      - cp $$GradleWitness$$/build/libs/GradleWitness.jar libs/gradle-witness.jar

AutoUpdateMode: Version v%v
UpdateCheckMode: Tags
CurrentVersion: 0.8.7
CurrentVersionCode: 15
