Categories:
  - Games
  - Time
License: GPL-3.0-or-later
AuthorName: SECUSO - Security Usability Society
AuthorEmail: pfa@secuso.org
AuthorWebSite: https://secuso.aifb.kit.edu/english/105.php
WebSite: https://secuso.aifb.kit.edu/english/Boardgame_Clock.php
SourceCode: https://github.com/SecUSo/privacy-friendly-boardgame-clock
IssueTracker: https://github.com/SecUSo/privacy-friendly-boardgame-clock/issues
Changelog: https://github.com/SecUSo/privacy-friendly-boardgame-clock/blob/HEAD/CHANGELOG.md

AutoName: Board Game Clock

RepoType: git
Repo: https://github.com/SecUSo/privacy-friendly-boardgame-clock.git

Builds:
  - versionName: '1.0'
    versionCode: 1
    commit: v1.0
    subdir: app
    gradle:
      - yes

  - versionName: '1.1'
    versionCode: 2
    commit: e996eda1741f15d55080b8e6d70ea03a704a177a
    subdir: app
    submodules: true
    gradle:
      - yes

AutoUpdateMode: Version
UpdateCheckMode: Tags
CurrentVersion: '1.1'
CurrentVersionCode: 2
