Categories:
  - System
License: GPL-2.0-only
AuthorName: Peng Huang
AuthorEmail: shawn.p.huang@gmail.com
SourceCode: https://github.com/phuang/RotationLock
IssueTracker: https://github.com/phuang/RotationLock/issues

AutoName: Rotation Lock
Summary: Stop screen auto-rotation
Description: |-
  Turn on/off Auto-rotate screen quickly by long pressing search button.

  When you are lying on bed. The screen changes to landscape. Have to open system
  settings to disable Auto-rotate screen. Did you find it is really inconvenient?
  This app provides a super easy way for switching this setting.

  And it provides a state icon to indicate the current setting.

RepoType: git
Repo: https://github.com/phuang/RotationLock

Builds:
  - versionName: '1.4'
    versionCode: 5
    commit: 7c5d43c2ed17a9329abf6b6af07f150e7d0cbd5b
    target: android-4

  - versionName: '1.5'
    versionCode: 6
    commit: 08fce41fd3ce0e0686d5bded6841c21b9247c2e8
    rm:
      - ant.properties
    target: android-4

  - versionName: '1.6'
    versionCode: 7
    commit: 6a7fef6f77e230d3c6ceda8b17771937f1588f41
    rm:
      - ant.properties

ArchivePolicy: 0
AutoUpdateMode: None
UpdateCheckMode: None
CurrentVersion: '1.6'
CurrentVersionCode: 7
