Categories:
  - Development
  - Navigation
License: GPL-3.0-only
AuthorName: ma5ter
SourceCode: https://github.com/ma5ter/MockLock
IssueTracker: https://github.com/ma5ter/MockLock/issues

AutoName: GPX Mock Location

RepoType: git
Repo: https://github.com/ma5ter/MockLock
Binaries: https://github.com/ma5ter/MockLock/releases/download/v%v/app-release.apk

Builds:
  - versionName: 0.2.3
    versionCode: 23
    commit: 8d45a0c07848d5f24ce1ce62d61b08c94f7f2b2a
    subdir: app
    gradle:
      - yes

AllowedAPKSigningKeys: da231f5a42a8ab3c9ebfabd5735af353df5e15eb71b0178f6a9c77d15699dbe2

AutoUpdateMode: Version
UpdateCheckMode: Tags
CurrentVersion: 0.2.3
CurrentVersionCode: 23
